
Microsoft Visual Studio Solution File, Format Version 12.00
# Visual Studio Version 17
VisualStudioVersion = 17.11.35327.3
MinimumVisualStudioVersion = 10.0.40219.1
Project("{FAE04EC0-301F-11D3-BF4B-00C04F79EFBC}") = "Shapes", "Shapes\Shapes.csproj", "{AED37194-B900-4836-8779-7E6F64E40354}"
EndProject
Project("{FAE04EC0-301F-11D3-BF4B-00C04F79EFBC}") = "Cars", "Cars\Cars.csproj", "{9D03DC44-7841-4637-A878-6835D25D5C1E}"
EndProject
Project("{FAE04EC0-301F-11D3-BF4B-00C04F79EFBC}") = "DefineAnInterfaceIPerson", "DefineAnInterfaceIPerson\DefineAnInterfaceIPerson.csproj", "{1F35EEAE-A73C-4D3B-954F-98E82AC5DF26}"
EndProject
Project("{FAE04EC0-301F-11D3-BF4B-00C04F79EFBC}") = "MultipleImplementation", "MultipleImplementation\MultipleImplementation.csproj", "{8A0187F6-7E1F-43D7-B783-9C63D29E2D30}"
EndProject
Project("{FAE04EC0-301F-11D3-BF4B-00C04F79EFBC}") = "Telephony", "Telephony\Telephony.csproj", "{78AEBA17-2EDC-404E-BB92-B61E7CE42154}"
EndProject
Global
	GlobalSection(SolutionConfigurationPlatforms) = preSolution
		Debug|Any CPU = Debug|Any CPU
		Release|Any CPU = Release|Any CPU
	EndGlobalSection
	GlobalSection(ProjectConfigurationPlatforms) = postSolution
		{AED37194-B900-4836-8779-7E6F64E40354}.Debug|Any CPU.ActiveCfg = Debug|Any CPU
		{AED37194-B900-4836-8779-7E6F64E40354}.Debug|Any CPU.Build.0 = Debug|Any CPU
		{AED37194-B900-4836-8779-7E6F64E40354}.Release|Any CPU.ActiveCfg = Release|Any CPU
		{AED37194-B900-4836-8779-7E6F64E40354}.Release|Any CPU.Build.0 = Release|Any CPU
		{9D03DC44-7841-4637-A878-6835D25D5C1E}.Debug|Any CPU.ActiveCfg = Debug|Any CPU
		{9D03DC44-7841-4637-A878-6835D25D5C1E}.Debug|Any CPU.Build.0 = Debug|Any CPU
		{9D03DC44-7841-4637-A878-6835D25D5C1E}.Release|Any CPU.ActiveCfg = Release|Any CPU
		{9D03DC44-7841-4637-A878-6835D25D5C1E}.Release|Any CPU.Build.0 = Release|Any CPU
		{1F35EEAE-A73C-4D3B-954F-98E82AC5DF26}.Debug|Any CPU.ActiveCfg = Debug|Any CPU
		{1F35EEAE-A73C-4D3B-954F-98E82AC5DF26}.Debug|Any CPU.Build.0 = Debug|Any CPU
		{1F35EEAE-A73C-4D3B-954F-98E82AC5DF26}.Release|Any CPU.ActiveCfg = Release|Any CPU
		{1F35EEAE-A73C-4D3B-954F-98E82AC5DF26}.Release|Any CPU.Build.0 = Release|Any CPU
		{8A0187F6-7E1F-43D7-B783-9C63D29E2D30}.Debug|Any CPU.ActiveCfg = Debug|Any CPU
		{8A0187F6-7E1F-43D7-B783-9C63D29E2D30}.Debug|Any CPU.Build.0 = Debug|Any CPU
		{8A0187F6-7E1F-43D7-B783-9C63D29E2D30}.Release|Any CPU.ActiveCfg = Release|Any CPU
		{8A0187F6-7E1F-43D7-B783-9C63D29E2D30}.Release|Any CPU.Build.0 = Release|Any CPU
		{78AEBA17-2EDC-404E-BB92-B61E7CE42154}.Debug|Any CPU.ActiveCfg = Debug|Any CPU
		{78AEBA17-2EDC-404E-BB92-B61E7CE42154}.Debug|Any CPU.Build.0 = Debug|Any CPU
		{78AEBA17-2EDC-404E-BB92-B61E7CE42154}.Release|Any CPU.ActiveCfg = Release|Any CPU
		{78AEBA17-2EDC-404E-BB92-B61E7CE42154}.Release|Any CPU.Build.0 = Release|Any CPU
	EndGlobalSection
	GlobalSection(SolutionProperties) = preSolution
		HideSolutionNode = FALSE
	EndGlobalSection
	GlobalSection(ExtensibilityGlobals) = postSolution
		SolutionGuid = {43F187A1-04FB-47CC-A6E0-8E65952CFB1E}
	EndGlobalSection
EndGlobal
