
Microsoft Visual Studio Solution File, Format Version 12.00
# Visual Studio Version 17
VisualStudioVersion = 17.11.35327.3
MinimumVisualStudioVersion = 10.0.40219.1
Project("{9A19103F-16F7-4668-BE54-9A1E7A4F7556}") = "CustomList", "CustomList\CustomList.csproj", "{58CF2967-5E69-4E09-82DE-D12E7471E9EA}"
EndProject
Project("{FAE04EC0-301F-11D3-BF4B-00C04F79EFBC}") = "CustomStack", "CustomStack\CustomStack\CustomStack.csproj", "{AE0BDA97-7BD7-44DF-84C1-1D3C4980A08E}"
EndProject
Global
	GlobalSection(SolutionConfigurationPlatforms) = preSolution
		Debug|Any CPU = Debug|Any CPU
		Release|Any CPU = Release|Any CPU
	EndGlobalSection
	GlobalSection(ProjectConfigurationPlatforms) = postSolution
		{58CF2967-5E69-4E09-82DE-D12E7471E9EA}.Debug|Any CPU.ActiveCfg = Debug|Any CPU
		{58CF2967-5E69-4E09-82DE-D12E7471E9EA}.Debug|Any CPU.Build.0 = Debug|Any CPU
		{58CF2967-5E69-4E09-82DE-D12E7471E9EA}.Release|Any CPU.ActiveCfg = Release|Any CPU
		{58CF2967-5E69-4E09-82DE-D12E7471E9EA}.Release|Any CPU.Build.0 = Release|Any CPU
		{AE0BDA97-7BD7-44DF-84C1-1D3C4980A08E}.Debug|Any CPU.ActiveCfg = Debug|Any CPU
		{AE0BDA97-7BD7-44DF-84C1-1D3C4980A08E}.Debug|Any CPU.Build.0 = Debug|Any CPU
		{AE0BDA97-7BD7-44DF-84C1-1D3C4980A08E}.Release|Any CPU.ActiveCfg = Release|Any CPU
		{AE0BDA97-7BD7-44DF-84C1-1D3C4980A08E}.Release|Any CPU.Build.0 = Release|Any CPU
	EndGlobalSection
	GlobalSection(SolutionProperties) = preSolution
		HideSolutionNode = FALSE
	EndGlobalSection
	GlobalSection(ExtensibilityGlobals) = postSolution
		SolutionGuid = {AB5FFD51-B68C-41FF-A94D-CF99371F6235}
	EndGlobalSection
EndGlobal
